
Microsoft Visual Studio Solution File, Format Version 11.00
# Visual Studio 2010
Project("{FAE04EC0-301F-11D3-BF4B-00C04F79EFBC}") = "Calvin.Data", "Calvin.Data\Calvin.Data\Calvin.Data.csproj", "{16F5F05F-6942-4E5C-92EF-86689D15281B}"
EndProject
Project("{2150E333-8FDC-42A3-9474-1A3956D46DE8}") = "引用目录", "引用目录", "{48DBC435-EFAD-411B-B733-41FF5A646FD0}"
	ProjectSection(SolutionItems) = preProject
		reference\Oracle.DataAccess.dll = reference\Oracle.DataAccess.dll
	EndProjectSection
EndProject
Project("{FAE04EC0-301F-11D3-BF4B-00C04F79EFBC}") = "CalvinDataTest", "CalvinDataTest\CalvinDataTest.csproj", "{DD62BD6A-BE1F-482D-B5A5-089E4117096F}"
EndProject
Project("{2150E333-8FDC-42A3-9474-1A3956D46DE8}") = "zh-CHS", "zh-CHS", "{CA64F75E-83C0-48B2-A528-CE9C6F2126F9}"
	ProjectSection(SolutionItems) = preProject
		reference\Resources\zh-CHS\Oracle.DataAccess.resources.dll = reference\Resources\zh-CHS\Oracle.DataAccess.resources.dll
	EndProjectSection
EndProject
Global
	GlobalSection(SolutionConfigurationPlatforms) = preSolution
		Debug|Any CPU = Debug|Any CPU
		Debug|Mixed Platforms = Debug|Mixed Platforms
		Debug|x86 = Debug|x86
		Release|Any CPU = Release|Any CPU
		Release|Mixed Platforms = Release|Mixed Platforms
		Release|x86 = Release|x86
	EndGlobalSection
	GlobalSection(ProjectConfigurationPlatforms) = postSolution
		{16F5F05F-6942-4E5C-92EF-86689D15281B}.Debug|Any CPU.ActiveCfg = Debug|Any CPU
		{16F5F05F-6942-4E5C-92EF-86689D15281B}.Debug|Any CPU.Build.0 = Debug|Any CPU
		{16F5F05F-6942-4E5C-92EF-86689D15281B}.Debug|Mixed Platforms.ActiveCfg = Debug|Any CPU
		{16F5F05F-6942-4E5C-92EF-86689D15281B}.Debug|Mixed Platforms.Build.0 = Debug|Any CPU
		{16F5F05F-6942-4E5C-92EF-86689D15281B}.Debug|x86.ActiveCfg = Debug|Any CPU
		{16F5F05F-6942-4E5C-92EF-86689D15281B}.Release|Any CPU.ActiveCfg = Release|Any CPU
		{16F5F05F-6942-4E5C-92EF-86689D15281B}.Release|Any CPU.Build.0 = Release|Any CPU
		{16F5F05F-6942-4E5C-92EF-86689D15281B}.Release|Mixed Platforms.ActiveCfg = Release|Any CPU
		{16F5F05F-6942-4E5C-92EF-86689D15281B}.Release|Mixed Platforms.Build.0 = Release|Any CPU
		{16F5F05F-6942-4E5C-92EF-86689D15281B}.Release|x86.ActiveCfg = Release|Any CPU
		{DD62BD6A-BE1F-482D-B5A5-089E4117096F}.Debug|Any CPU.ActiveCfg = Debug|x86
		{DD62BD6A-BE1F-482D-B5A5-089E4117096F}.Debug|Mixed Platforms.ActiveCfg = Debug|x86
		{DD62BD6A-BE1F-482D-B5A5-089E4117096F}.Debug|Mixed Platforms.Build.0 = Debug|x86
		{DD62BD6A-BE1F-482D-B5A5-089E4117096F}.Debug|x86.ActiveCfg = Debug|x86
		{DD62BD6A-BE1F-482D-B5A5-089E4117096F}.Debug|x86.Build.0 = Debug|x86
		{DD62BD6A-BE1F-482D-B5A5-089E4117096F}.Release|Any CPU.ActiveCfg = Release|x86
		{DD62BD6A-BE1F-482D-B5A5-089E4117096F}.Release|Mixed Platforms.ActiveCfg = Release|x86
		{DD62BD6A-BE1F-482D-B5A5-089E4117096F}.Release|Mixed Platforms.Build.0 = Release|x86
		{DD62BD6A-BE1F-482D-B5A5-089E4117096F}.Release|x86.ActiveCfg = Release|x86
		{DD62BD6A-BE1F-482D-B5A5-089E4117096F}.Release|x86.Build.0 = Release|x86
	EndGlobalSection
	GlobalSection(SolutionProperties) = preSolution
		HideSolutionNode = FALSE
	EndGlobalSection
	GlobalSection(NestedProjects) = preSolution
		{CA64F75E-83C0-48B2-A528-CE9C6F2126F9} = {48DBC435-EFAD-411B-B733-41FF5A646FD0}
	EndGlobalSection
EndGlobal
